{
  "name": "REACT REVISION",
  "lockfileVersion": 2,
  "requires": true,
  "packages": {
    "": {
      "dependencies": {
        "prop": "^0.1.1",
        "prop-types": "^15.8.1",
        "types": "^0.1.1"
      }
    },
    "node_modules/dotty": {
      "version": "0.0.1",
      "resolved": "https://registry.npmjs.org/dotty/-/dotty-0.0.1.tgz",
      "integrity": "sha512-eDT0hfJEnQbGaZcTuCfj2igPkQ7qa/n9K2pGGDxhEqKhARLq+xE1TonvpOPHq+7KeG+D6A/V8BwCcsdPom2TQg=="
    },
    "node_modules/js-tokens": {
      "version": "4.0.0",
      "resolved": "https://registry.npmjs.org/js-tokens/-/js-tokens-4.0.0.tgz",
      "integrity": "sha512-RdJUflcE3cUzKiMqQgsCu06FPu9UdIJO0beYbPhHN4k6apgJtifcoCtT9bcxOpYBtpD2kCM6Sbzg4CausW/PKQ=="
    },
    "node_modules/loose-envify": {
      "version": "1.4.0",
      "resolved": "https://registry.npmjs.org/loose-envify/-/loose-envify-1.4.0.tgz",
      "integrity": "sha512-lyuxPGr/Wfhrlem2CL/UcnUc1zcqKAImBDzukY7Y5F/yQiNdko6+fRLevlw1HgMySw7f611UIY408EtxRSoK3Q==",
      "dependencies": {
        "js-tokens": "^3.0.0 || ^4.0.0"
      },
      "bin": {
        "loose-envify": "cli.js"
      }
    },
    "node_modules/object-assign": {
      "version": "4.1.1",
      "resolved": "https://registry.npmjs.org/object-assign/-/object-assign-4.1.1.tgz",
      "integrity": "sha512-rJgTQnkUnH1sFw8yT6VSU3zD3sWmu6sZhIseY8VX+GRu3P6F7Fu+JNDoXfklElbLJSnc3FUQHVe4cU5hj+BcUg==",
      "engines": {
        "node": ">=0.10.0"
      }
    },
    "node_modules/prop": {
      "version": "0.1.1",
      "resolved": "https://registry.npmjs.org/prop/-/prop-0.1.1.tgz",
      "integrity": "sha512-hf5DdgiPkcoVxBfuSknP918U0lDC+7lArIjIB2U4Gh79p1Xtc0JP6W5DW3c0wC0x9/A6CsAISh3202I1GlMgkw==",
      "dependencies": {
        "dotty": "0.0.1"
      },
      "engines": {
        "node": "*"
      }
    },
    "node_modules/prop-types": {
      "version": "15.8.1",
      "resolved": "https://registry.npmjs.org/prop-types/-/prop-types-15.8.1.tgz",
      "integrity": "sha512-oj87CgZICdulUohogVAR7AjlC0327U4el4L6eAvOqCeudMDVU0NThNaV+b9Df4dXgSP1gXMTnPdhfe/2qDH5cg==",
      "dependencies": {
        "loose-envify": "^1.4.0",
        "object-assign": "^4.1.1",
        "react-is": "^16.13.1"
      }
    },
    "node_modules/react-is": {
      "version": "16.13.1",
      "resolved": "https://registry.npmjs.org/react-is/-/react-is-16.13.1.tgz",
      "integrity": "sha512-24e6ynE2H+OKt4kqsOvNd8kBpV65zoxbA4BVsEOB3ARVWQki/DHzaUoC5KuON/BiccDaCCTZBuOcfZs70kR8bQ=="
    },
    "node_modules/types": {
      "version": "0.1.1",
      "resolved": "https://registry.npmjs.org/types/-/types-0.1.1.tgz",
      "integrity": "sha512-JuntZtJj4MKLE9x/XBs7IjsznYhzETwr34pw3XJTKvgYtAMdeMG+o8x8U85E5Lm6eCPa1DdOdGVsHMwq4ZnZAg==",
      "engines": {
        "node": ">= 0.6.0"
      }
    }
  },
  "dependencies": {
    "dotty": {
      "version": "0.0.1",
      "resolved": "https://registry.npmjs.org/dotty/-/dotty-0.0.1.tgz",
      "integrity": "sha512-eDT0hfJEnQbGaZcTuCfj2igPkQ7qa/n9K2pGGDxhEqKhARLq+xE1TonvpOPHq+7KeG+D6A/V8BwCcsdPom2TQg=="
    },
    "js-tokens": {
      "version": "4.0.0",
      "resolved": "https://registry.npmjs.org/js-tokens/-/js-tokens-4.0.0.tgz",
      "integrity": "sha512-RdJUflcE3cUzKiMqQgsCu06FPu9UdIJO0beYbPhHN4k6apgJtifcoCtT9bcxOpYBtpD2kCM6Sbzg4CausW/PKQ=="
    },
    "loose-envify": {
      "version": "1.4.0",
      "resolved": "https://registry.npmjs.org/loose-envify/-/loose-envify-1.4.0.tgz",
      "integrity": "sha512-lyuxPGr/Wfhrlem2CL/UcnUc1zcqKAImBDzukY7Y5F/yQiNdko6+fRLevlw1HgMySw7f611UIY408EtxRSoK3Q==",
      "requires": {
        "js-tokens": "^3.0.0 || ^4.0.0"
      }
    },
    "object-assign": {
      "version": "4.1.1",
      "resolved": "https://registry.npmjs.org/object-assign/-/object-assign-4.1.1.tgz",
      "integrity": "sha512-rJgTQnkUnH1sFw8yT6VSU3zD3sWmu6sZhIseY8VX+GRu3P6F7Fu+JNDoXfklElbLJSnc3FUQHVe4cU5hj+BcUg=="
    },
    "prop": {
      "version": "0.1.1",
      "resolved": "https://registry.npmjs.org/prop/-/prop-0.1.1.tgz",
      "integrity": "sha512-hf5DdgiPkcoVxBfuSknP918U0lDC+7lArIjIB2U4Gh79p1Xtc0JP6W5DW3c0wC0x9/A6CsAISh3202I1GlMgkw==",
      "requires": {
        "dotty": "0.0.1"
      }
    },
    "prop-types": {
      "version": "15.8.1",
      "resolved": "https://registry.npmjs.org/prop-types/-/prop-types-15.8.1.tgz",
      "integrity": "sha512-oj87CgZICdulUohogVAR7AjlC0327U4el4L6eAvOqCeudMDVU0NThNaV+b9Df4dXgSP1gXMTnPdhfe/2qDH5cg==",
      "requires": {
        "loose-envify": "^1.4.0",
        "object-assign": "^4.1.1",
        "react-is": "^16.13.1"
      }
    },
    "react-is": {
      "version": "16.13.1",
      "resolved": "https://registry.npmjs.org/react-is/-/react-is-16.13.1.tgz",
      "integrity": "sha512-24e6ynE2H+OKt4kqsOvNd8kBpV65zoxbA4BVsEOB3ARVWQki/DHzaUoC5KuON/BiccDaCCTZBuOcfZs70kR8bQ=="
    },
    "types": {
      "version": "0.1.1",
      "resolved": "https://registry.npmjs.org/types/-/types-0.1.1.tgz",
      "integrity": "sha512-JuntZtJj4MKLE9x/XBs7IjsznYhzETwr34pw3XJTKvgYtAMdeMG+o8x8U85E5Lm6eCPa1DdOdGVsHMwq4ZnZAg=="
    }
  }
}
